
Microsoft Visual Studio Solution File, Format Version 12.00
# Visual Studio Version 17
VisualStudioVersion = 17.5.33424.131
MinimumVisualStudioVersion = 10.0.40219.1
Project("{9A19103F-16F7-4668-BE54-9A1E7A4F7556}") = "dotnetapi-cognitoAuth", "dotnetapi-cognitoAuth\dotnetapi-cognitoAuth.csproj", "{BC8A374F-DAFF-4137-89E3-A976C9E73A94}"
EndProject
Project("{9A19103F-16F7-4668-BE54-9A1E7A4F7556}") = "ImageUpload", "ImageUpload\ImageUpload.csproj", "{A0FBBFAA-29B6-4643-A293-1BFA6DE33E57}"
EndProject
Project("{FAE04EC0-301F-11D3-BF4B-00C04F79EFBC}") = "ImageOptimizer", "ImageOptimizer\src\ImageOptimizer\ImageOptimizer.csproj", "{B7328A17-4042-4140-9455-2A2FD948A0CB}"
EndProject
Global
	GlobalSection(SolutionConfigurationPlatforms) = preSolution
		Debug|Any CPU = Debug|Any CPU
		Release|Any CPU = Release|Any CPU
	EndGlobalSection
	GlobalSection(ProjectConfigurationPlatforms) = postSolution
		{BC8A374F-DAFF-4137-89E3-A976C9E73A94}.Debug|Any CPU.ActiveCfg = Debug|Any CPU
		{BC8A374F-DAFF-4137-89E3-A976C9E73A94}.Debug|Any CPU.Build.0 = Debug|Any CPU
		{BC8A374F-DAFF-4137-89E3-A976C9E73A94}.Release|Any CPU.ActiveCfg = Release|Any CPU
		{BC8A374F-DAFF-4137-89E3-A976C9E73A94}.Release|Any CPU.Build.0 = Release|Any CPU
		{A0FBBFAA-29B6-4643-A293-1BFA6DE33E57}.Debug|Any CPU.ActiveCfg = Debug|Any CPU
		{A0FBBFAA-29B6-4643-A293-1BFA6DE33E57}.Debug|Any CPU.Build.0 = Debug|Any CPU
		{A0FBBFAA-29B6-4643-A293-1BFA6DE33E57}.Release|Any CPU.ActiveCfg = Release|Any CPU
		{A0FBBFAA-29B6-4643-A293-1BFA6DE33E57}.Release|Any CPU.Build.0 = Release|Any CPU
		{B7328A17-4042-4140-9455-2A2FD948A0CB}.Debug|Any CPU.ActiveCfg = Debug|Any CPU
		{B7328A17-4042-4140-9455-2A2FD948A0CB}.Debug|Any CPU.Build.0 = Debug|Any CPU
		{B7328A17-4042-4140-9455-2A2FD948A0CB}.Release|Any CPU.ActiveCfg = Release|Any CPU
		{B7328A17-4042-4140-9455-2A2FD948A0CB}.Release|Any CPU.Build.0 = Release|Any CPU
	EndGlobalSection
	GlobalSection(SolutionProperties) = preSolution
		HideSolutionNode = FALSE
	EndGlobalSection
	GlobalSection(ExtensibilityGlobals) = postSolution
		SolutionGuid = {3FAB553A-2E2B-4735-990A-A109103AF479}
	EndGlobalSection
EndGlobal
